
Microsoft Visual Studio Solution File, Format Version 12.00
Project("{FAE04EC0-301F-11D3-BF4B-00C04F79EFBC}") = "CS2-CommandsBlocker-SwiftlyS2", "CS2-CommandsBlocker-SwiftlyS2\CS2-CommandsBlocker-SwiftlyS2.csproj", "{DD84805B-6A72-46E7-AAF5-549907B31020}"
EndProject
Global
	GlobalSection(SolutionConfigurationPlatforms) = preSolution
		Debug|Any CPU = Debug|Any CPU
		Release|Any CPU = Release|Any CPU
	EndGlobalSection
	GlobalSection(ProjectConfigurationPlatforms) = postSolution
		{DD84805B-6A72-46E7-AAF5-549907B31020}.Debug|Any CPU.ActiveCfg = Debug|Any CPU
		{DD84805B-6A72-46E7-AAF5-549907B31020}.Debug|Any CPU.Build.0 = Debug|Any CPU
		{DD84805B-6A72-46E7-AAF5-549907B31020}.Release|Any CPU.ActiveCfg = Release|Any CPU
		{DD84805B-6A72-46E7-AAF5-549907B31020}.Release|Any CPU.Build.0 = Release|Any CPU
	EndGlobalSection
EndGlobal
